// !$*UTF8*$!
{
	archiveVersion = 1;
	classes = {
	};
	objectVersion = 77;
	objects = {

/* Begin PBXBuildFile section */
		E8D537A42DD31141009DC45F /* Auth in Frameworks */ = {isa = PBXBuildFile; productRef = E8D537A32DD31141009DC45F /* Auth */; };
		E8D537A62DD31141009DC45F /* Functions in Frameworks */ = {isa = PBXBuildFile; productRef = E8D537A52DD31141009DC45F /* Functions */; };
		E8D537A82DD31141009DC45F /* PostgREST in Frameworks */ = {isa = PBXBuildFile; productRef = E8D537A72DD31141009DC45F /* PostgREST */; };
		E8D537AA2DD31141009DC45F /* Realtime in Frameworks */ = {isa = PBXBuildFile; productRef = E8D537A92DD31141009DC45F /* Realtime */; };
		E8D537AC2DD31141009DC45F /* Storage in Frameworks */ = {isa = PBXBuildFile; productRef = E8D537AB2DD31141009DC45F /* Storage */; };
		E8D537AF2DD320F9009DC45F /* DatabaseTest.swift in Sources */ = {isa = PBXBuildFile; fileRef = E8D537AE2DD31C10009DC45F /* DatabaseTest.swift */; };
		E8D537B22DD32206009DC45F /* Supabase in Frameworks */ = {isa = PBXBuildFile; productRef = E8D537B12DD32206009DC45F /* Supabase */; };
/* End PBXBuildFile section */

/* Begin PBXContainerItemProxy section */
		C36503DF2D49E3E00036A0A1 /* PBXContainerItemProxy */ = {
			isa = PBXContainerItemProxy;
			containerPortal = C36503C62D49E3DE0036A0A1 /* Project object */;
			proxyType = 1;
			remoteGlobalIDString = C36503CD2D49E3DE0036A0A1;
			remoteInfo = WeFit;
		};
		C36503E92D49E3E00036A0A1 /* PBXContainerItemProxy */ = {
			isa = PBXContainerItemProxy;
			containerPortal = C36503C62D49E3DE0036A0A1 /* Project object */;
			proxyType = 1;
			remoteGlobalIDString = C36503CD2D49E3DE0036A0A1;
			remoteInfo = WeFit;
		};
/* End PBXContainerItemProxy section */

/* Begin PBXFileReference section */
		C36503CE2D49E3DE0036A0A1 /* WeFit.app */ = {isa = PBXFileReference; explicitFileType = wrapper.application; includeInIndex = 0; path = WeFit.app; sourceTree = BUILT_PRODUCTS_DIR; };
		C36503DE2D49E3E00036A0A1 /* WeFitTests.xctest */ = {isa = PBXFileReference; explicitFileType = wrapper.cfbundle; includeInIndex = 0; path = WeFitTests.xctest; sourceTree = BUILT_PRODUCTS_DIR; };
		C36503E82D49E3E00036A0A1 /* WeFitUITests.xctest */ = {isa = PBXFileReference; explicitFileType = wrapper.cfbundle; includeInIndex = 0; path = WeFitUITests.xctest; sourceTree = BUILT_PRODUCTS_DIR; };
		E8D537AE2DD31C10009DC45F /* DatabaseTest.swift */ = {isa = PBXFileReference; lastKnownFileType = sourcecode.swift; path = DatabaseTest.swift; sourceTree = "<group>"; };
/* End PBXFileReference section */

/* Begin PBXFileSystemSynchronizedRootGroup section */
		C36503D02D49E3DE0036A0A1 /* WeFit */ = {
			isa = PBXFileSystemSynchronizedRootGroup;
			path = WeFit;
			sourceTree = "<group>";
		};
		C36503E12D49E3E00036A0A1 /* WeFitTests */ = {
			isa = PBXFileSystemSynchronizedRootGroup;
			path = WeFitTests;
			sourceTree = "<group>";
		};
		C36503EB2D49E3E00036A0A1 /* WeFitUITests */ = {
			isa = PBXFileSystemSynchronizedRootGroup;
			path = WeFitUITests;
			sourceTree = "<group>";
		};
/* End PBXFileSystemSynchronizedRootGroup section */

/* Begin PBXFrameworksBuildPhase section */
		C36503CB2D49E3DE0036A0A1 /* Frameworks */ = {
			isa = PBXFrameworksBuildPhase;
			buildActionMask = 2147483647;
			files = (
				E8D537A82DD31141009DC45F /* PostgREST in Frameworks */,
				E8D537A62DD31141009DC45F /* Functions in Frameworks */,
				E8D537B22DD32206009DC45F /* Supabase in Frameworks */,
				E8D537A42DD31141009DC45F /* Auth in Frameworks */,
				E8D537AC2DD31141009DC45F /* Storage in Frameworks */,
				E8D537AA2DD31141009DC45F /* Realtime in Frameworks */,
			);
			runOnlyForDeploymentPostprocessing = 0;
		};
		C36503DB2D49E3E00036A0A1 /* Frameworks */ = {
			isa = PBXFrameworksBuildPhase;
			buildActionMask = 2147483647;
			files = (
			);
			runOnlyForDeploymentPostprocessing = 0;
		};
		C36503E52D49E3E00036A0A1 /* Frameworks */ = {
			isa = PBXFrameworksBuildPhase;
			buildActionMask = 2147483647;
			files = (
			);
			runOnlyForDeploymentPostprocessing = 0;
		};
/* End PBXFrameworksBuildPhase section */

/* Begin PBXGroup section */
		C36503C52D49E3DE0036A0A1 = {
			isa = PBXGroup;
			children = (
				E8D537AD2DD31BE4009DC45F /* DevTools */,
				C36503D02D49E3DE0036A0A1 /* WeFit */,
				C36503E12D49E3E00036A0A1 /* WeFitTests */,
				C36503EB2D49E3E00036A0A1 /* WeFitUITests */,
				E8D537B02DD32206009DC45F /* Frameworks */,
				C36503CF2D49E3DE0036A0A1 /* Products */,
			);
			sourceTree = "<group>";
		};
		C36503CF2D49E3DE0036A0A1 /* Products */ = {
			isa = PBXGroup;
			children = (
				C36503CE2D49E3DE0036A0A1 /* WeFit.app */,
				C36503DE2D49E3E00036A0A1 /* WeFitTests.xctest */,
				C36503E82D49E3E00036A0A1 /* WeFitUITests.xctest */,
			);
			name = Products;
			sourceTree = "<group>";
		};
		E8D537AD2DD31BE4009DC45F /* DevTools */ = {
			isa = PBXGroup;
			children = (
				E8D537AE2DD31C10009DC45F /* DatabaseTest.swift */,
			);
			path = DevTools;
			sourceTree = "<group>";
		};
		E8D537B02DD32206009DC45F /* Frameworks */ = {
			isa = PBXGroup;
			children = (
			);
			name = Frameworks;
			sourceTree = "<group>";
		};
/* End PBXGroup section */

/* Begin PBXNativeTarget section */
		C36503CD2D49E3DE0036A0A1 /* WeFit */ = {
			isa = PBXNativeTarget;
			buildConfigurationList = C36503F22D49E3E00036A0A1 /* Build configuration list for PBXNativeTarget "WeFit" */;
			buildPhases = (
				C36503CA2D49E3DE0036A0A1 /* Sources */,
				C36503CB2D49E3DE0036A0A1 /* Frameworks */,
				C36503CC2D49E3DE0036A0A1 /* Resources */,
			);
			buildRules = (
			);
			dependencies = (
			);
			fileSystemSynchronizedGroups = (
				C36503D02D49E3DE0036A0A1 /* WeFit */,
			);
			name = WeFit;
			packageProductDependencies = (
				E8D537A32DD31141009DC45F /* Auth */,
				E8D537A52DD31141009DC45F /* Functions */,
				E8D537A72DD31141009DC45F /* PostgREST */,
				E8D537A92DD31141009DC45F /* Realtime */,
				E8D537AB2DD31141009DC45F /* Storage */,
				E8D537B12DD32206009DC45F /* Supabase */,
			);
			productName = WeFit;
			productReference = C36503CE2D49E3DE0036A0A1 /* WeFit.app */;
			productType = "com.apple.product-type.application";
		};
		C36503DD2D49E3E00036A0A1 /* WeFitTests */ = {
			isa = PBXNativeTarget;
			buildConfigurationList = C36503F52D49E3E00036A0A1 /* Build configuration list for PBXNativeTarget "WeFitTests" */;
			buildPhases = (
				C36503DA2D49E3E00036A0A1 /* Sources */,
				C36503DB2D49E3E00036A0A1 /* Frameworks */,
				C36503DC2D49E3E00036A0A1 /* Resources */,
			);
			buildRules = (
			);
			dependencies = (
				C36503E02D49E3E00036A0A1 /* PBXTargetDependency */,
			);
			fileSystemSynchronizedGroups = (
				C36503E12D49E3E00036A0A1 /* WeFitTests */,
			);
			name = WeFitTests;
			packageProductDependencies = (
			);
			productName = WeFitTests;
			productReference = C36503DE2D49E3E00036A0A1 /* WeFitTests.xctest */;
			productType = "com.apple.product-type.bundle.unit-test";
		};
		C36503E72D49E3E00036A0A1 /* WeFitUITests */ = {
			isa = PBXNativeTarget;
			buildConfigurationList = C36503F82D49E3E00036A0A1 /* Build configuration list for PBXNativeTarget "WeFitUITests" */;
			buildPhases = (
				C36503E42D49E3E00036A0A1 /* Sources */,
				C36503E52D49E3E00036A0A1 /* Frameworks */,
				C36503E62D49E3E00036A0A1 /* Resources */,
			);
			buildRules = (
			);
			dependencies = (
				C36503EA2D49E3E00036A0A1 /* PBXTargetDependency */,
			);
			fileSystemSynchronizedGroups = (
				C36503EB2D49E3E00036A0A1 /* WeFitUITests */,
			);
			name = WeFitUITests;
			packageProductDependencies = (
			);
			productName = WeFitUITests;
			productReference = C36503E82D49E3E00036A0A1 /* WeFitUITests.xctest */;
			productType = "com.apple.product-type.bundle.ui-testing";
		};
/* End PBXNativeTarget section */

/* Begin PBXProject section */
		C36503C62D49E3DE0036A0A1 /* Project object */ = {
			isa = PBXProject;
			attributes = {
				BuildIndependentTargetsInParallel = 1;
				LastSwiftUpdateCheck = 1620;
				LastUpgradeCheck = 1620;
				TargetAttributes = {
					C36503CD2D49E3DE0036A0A1 = {
						CreatedOnToolsVersion = 16.2;
					};
					C36503DD2D49E3E00036A0A1 = {
						CreatedOnToolsVersion = 16.2;
						TestTargetID = C36503CD2D49E3DE0036A0A1;
					};
					C36503E72D49E3E00036A0A1 = {
						CreatedOnToolsVersion = 16.2;
						TestTargetID = C36503CD2D49E3DE0036A0A1;
					};
				};
			};
			buildConfigurationList = C36503C92D49E3DE0036A0A1 /* Build configuration list for PBXProject "WeFit" */;
			developmentRegion = en;
			hasScannedForEncodings = 0;
			knownRegions = (
				en,
				Base,
			);
			mainGroup = C36503C52D49E3DE0036A0A1;
			minimizedProjectReferenceProxies = 1;
			packageReferences = (
				E8D537A22DD31141009DC45F /* XCRemoteSwiftPackageReference "supabase-swift" */,
			);
			preferredProjectObjectVersion = 77;
			productRefGroup = C36503CF2D49E3DE0036A0A1 /* Products */;
			projectDirPath = "";
			projectRoot = "";
			targets = (
				C36503CD2D49E3DE0036A0A1 /* WeFit */,
				C36503DD2D49E3E00036A0A1 /* WeFitTests */,
				C36503E72D49E3E00036A0A1 /* WeFitUITests */,
			);
		};
/* End PBXProject section */

/* Begin PBXResourcesBuildPhase section */
		C36503CC2D49E3DE0036A0A1 /* Resources */ = {
			isa = PBXResourcesBuildPhase;
			buildActionMask = 2147483647;
			files = (
			);
			runOnlyForDeploymentPostprocessing = 0;
		};
		C36503DC2D49E3E00036A0A1 /* Resources */ = {
			isa = PBXResourcesBuildPhase;
			buildActionMask = 2147483647;
			files = (
			);
			runOnlyForDeploymentPostprocessing = 0;
		};
		C36503E62D49E3E00036A0A1 /* Resources */ = {
			isa = PBXResourcesBuildPhase;
			buildActionMask = 2147483647;
			files = (
			);
			runOnlyForDeploymentPostprocessing = 0;
		};
/* End PBXResourcesBuildPhase section */

/* Begin PBXSourcesBuildPhase section */
		C36503CA2D49E3DE0036A0A1 /* Sources */ = {
			isa = PBXSourcesBuildPhase;
			buildActionMask = 2147483647;
			files = (
				E8D537AF2DD320F9009DC45F /* DatabaseTest.swift in Sources */,
			);
			runOnlyForDeploymentPostprocessing = 0;
		};
		C36503DA2D49E3E00036A0A1 /* Sources */ = {
			isa = PBXSourcesBuildPhase;
			buildActionMask = 2147483647;
			files = (
			);
			runOnlyForDeploymentPostprocessing = 0;
		};
		C36503E42D49E3E00036A0A1 /* Sources */ = {
			isa = PBXSourcesBuildPhase;
			buildActionMask = 2147483647;
			files = (
			);
			runOnlyForDeploymentPostprocessing = 0;
		};
/* End PBXSourcesBuildPhase section */

/* Begin PBXTargetDependency section */
		C36503E02D49E3E00036A0A1 /* PBXTargetDependency */ = {
			isa = PBXTargetDependency;
			target = C36503CD2D49E3DE0036A0A1 /* WeFit */;
			targetProxy = C36503DF2D49E3E00036A0A1 /* PBXContainerItemProxy */;
		};
		C36503EA2D49E3E00036A0A1 /* PBXTargetDependency */ = {
			isa = PBXTargetDependency;
			target = C36503CD2D49E3DE0036A0A1 /* WeFit */;
			targetProxy = C36503E92D49E3E00036A0A1 /* PBXContainerItemProxy */;
		};
/* End PBXTargetDependency section */

/* Begin XCBuildConfiguration section */
		C36503F02D49E3E00036A0A1 /* Debug */ = {
			isa = XCBuildConfiguration;
			buildSettings = {
				ALWAYS_SEARCH_USER_PATHS = NO;
				ASSETCATALOG_COMPILER_GENERATE_SWIFT_ASSET_SYMBOL_EXTENSIONS = YES;
				CLANG_ANALYZER_NONNULL = YES;
				CLANG_ANALYZER_NUMBER_OBJECT_CONVERSION = YES_AGGRESSIVE;
				CLANG_CXX_LANGUAGE_STANDARD = "gnu++20";
				CLANG_ENABLE_MODULES = YES;
				CLANG_ENABLE_OBJC_ARC = YES;
				CLANG_ENABLE_OBJC_WEAK = YES;
				CLANG_WARN_BLOCK_CAPTURE_AUTORELEASING = YES;
				CLANG_WARN_BOOL_CONVERSION = YES;
				CLANG_WARN_COMMA = YES;
				CLANG_WARN_CONSTANT_CONVERSION = YES;
				CLANG_WARN_DEPRECATED_OBJC_IMPLEMENTATIONS = YES;
				CLANG_WARN_DIRECT_OBJC_ISA_USAGE = YES_ERROR;
				CLANG_WARN_DOCUMENTATION_COMMENTS = YES;
				CLANG_WARN_EMPTY_BODY = YES;
				CLANG_WARN_ENUM_CONVERSION = YES;
				CLANG_WARN_INFINITE_RECURSION = YES;
				CLANG_WARN_INT_CONVERSION = YES;
				CLANG_WARN_NON_LITERAL_NULL_CONVERSION = YES;
				CLANG_WARN_OBJC_IMPLICIT_RETAIN_SELF = YES;
				CLANG_WARN_OBJC_LITERAL_CONVERSION = YES;
				CLANG_WARN_OBJC_ROOT_CLASS = YES_ERROR;
				CLANG_WARN_QUOTED_INCLUDE_IN_FRAMEWORK_HEADER = YES;
				CLANG_WARN_RANGE_LOOP_ANALYSIS = YES;
				CLANG_WARN_STRICT_PROTOTYPES = YES;
				CLANG_WARN_SUSPICIOUS_MOVE = YES;
				CLANG_WARN_UNGUARDED_AVAILABILITY = YES_AGGRESSIVE;
				CLANG_WARN_UNREACHABLE_CODE = YES;
				CLANG_WARN__DUPLICATE_METHOD_MATCH = YES;
				COPY_PHASE_STRIP = NO;
				DEBUG_INFORMATION_FORMAT = dwarf;
				ENABLE_STRICT_OBJC_MSGSEND = YES;
				ENABLE_TESTABILITY = YES;
				ENABLE_USER_SCRIPT_SANDBOXING = YES;
				GCC_C_LANGUAGE_STANDARD = gnu17;
				GCC_DYNAMIC_NO_PIC = NO;
				GCC_NO_COMMON_BLOCKS = YES;
				GCC_OPTIMIZATION_LEVEL = 0;
				GCC_PREPROCESSOR_DEFINITIONS = (
					"DEBUG=1",
					"$(inherited)",
				);
				GCC_WARN_64_TO_32_BIT_CONVERSION = YES;
				GCC_WARN_ABOUT_RETURN_TYPE = YES_ERROR;
				GCC_WARN_UNDECLARED_SELECTOR = YES;
				GCC_WARN_UNINITIALIZED_AUTOS = YES_AGGRESSIVE;
				GCC_WARN_UNUSED_FUNCTION = YES;
				GCC_WARN_UNUSED_VARIABLE = YES;
				IPHONEOS_DEPLOYMENT_TARGET = 18.2;
				LOCALIZATION_PREFERS_STRING_CATALOGS = YES;
				MTL_ENABLE_DEBUG_INFO = INCLUDE_SOURCE;
				MTL_FAST_MATH = YES;
				ONLY_ACTIVE_ARCH = YES;
				SDKROOT = iphoneos;
				SWIFT_ACTIVE_COMPILATION_CONDITIONS = "DEBUG $(inherited)";
				SWIFT_OPTIMIZATION_LEVEL = "-Onone";
			};
			name = Debug;
		};
		C36503F12D49E3E00036A0A1 /* Release */ = {
			isa = XCBuildConfiguration;
			buildSettings = {
				ALWAYS_SEARCH_USER_PATHS = NO;
				ASSETCATALOG_COMPILER_GENERATE_SWIFT_ASSET_SYMBOL_EXTENSIONS = YES;
				CLANG_ANALYZER_NONNULL = YES;
				CLANG_ANALYZER_NUMBER_OBJECT_CONVERSION = YES_AGGRESSIVE;
				CLANG_CXX_LANGUAGE_STANDARD = "gnu++20";
				CLANG_ENABLE_MODULES = YES;
				CLANG_ENABLE_OBJC_ARC = YES;
				CLANG_ENABLE_OBJC_WEAK = YES;
				CLANG_WARN_BLOCK_CAPTURE_AUTORELEASING = YES;
				CLANG_WARN_BOOL_CONVERSION = YES;
				CLANG_WARN_COMMA = YES;
				CLANG_WARN_CONSTANT_CONVERSION = YES;
				CLANG_WARN_DEPRECATED_OBJC_IMPLEMENTATIONS = YES;
				CLANG_WARN_DIRECT_OBJC_ISA_USAGE = YES_ERROR;
				CLANG_WARN_DOCUMENTATION_COMMENTS = YES;
				CLANG_WARN_EMPTY_BODY = YES;
				CLANG_WARN_ENUM_CONVERSION = YES;
				CLANG_WARN_INFINITE_RECURSION = YES;
				CLANG_WARN_INT_CONVERSION = YES;
				CLANG_WARN_NON_LITERAL_NULL_CONVERSION = YES;
				CLANG_WARN_OBJC_IMPLICIT_RETAIN_SELF = YES;
				CLANG_WARN_OBJC_LITERAL_CONVERSION = YES;
				CLANG_WARN_OBJC_ROOT_CLASS = YES_ERROR;
				CLANG_WARN_QUOTED_INCLUDE_IN_FRAMEWORK_HEADER = YES;
				CLANG_WARN_RANGE_LOOP_ANALYSIS = YES;
				CLANG_WARN_STRICT_PROTOTYPES = YES;
				CLANG_WARN_SUSPICIOUS_MOVE = YES;
				CLANG_WARN_UNGUARDED_AVAILABILITY = YES_AGGRESSIVE;
				CLANG_WARN_UNREACHABLE_CODE = YES;
				CLANG_WARN__DUPLICATE_METHOD_MATCH = YES;
				COPY_PHASE_STRIP = NO;
				DEBUG_INFORMATION_FORMAT = "dwarf-with-dsym";
				ENABLE_NS_ASSERTIONS = NO;
				ENABLE_STRICT_OBJC_MSGSEND = YES;
				ENABLE_USER_SCRIPT_SANDBOXING = YES;
				GCC_C_LANGUAGE_STANDARD = gnu17;
				GCC_NO_COMMON_BLOCKS = YES;
				GCC_WARN_64_TO_32_BIT_CONVERSION = YES;
				GCC_WARN_ABOUT_RETURN_TYPE = YES_ERROR;
				GCC_WARN_UNDECLARED_SELECTOR = YES;
				GCC_WARN_UNINITIALIZED_AUTOS = YES_AGGRESSIVE;
				GCC_WARN_UNUSED_FUNCTION = YES;
				GCC_WARN_UNUSED_VARIABLE = YES;
				IPHONEOS_DEPLOYMENT_TARGET = 18.2;
				LOCALIZATION_PREFERS_STRING_CATALOGS = YES;
				MTL_ENABLE_DEBUG_INFO = NO;
				MTL_FAST_MATH = YES;
				SDKROOT = iphoneos;
				SWIFT_COMPILATION_MODE = wholemodule;
				VALIDATE_PRODUCT = YES;
			};
			name = Release;
		};
		C36503F32D49E3E00036A0A1 /* Debug */ = {
			isa = XCBuildConfiguration;
			buildSettings = {
				ASSETCATALOG_COMPILER_APPICON_NAME = AppIcon;
				ASSETCATALOG_COMPILER_GLOBAL_ACCENT_COLOR_NAME = AccentColor;
				CODE_SIGN_STYLE = Automatic;
				CURRENT_PROJECT_VERSION = 1;
				DEVELOPMENT_ASSET_PATHS = "\"WeFit/Preview Content\"";
				DEVELOPMENT_TEAM = 86ZJ8CC45N;
				ENABLE_PREVIEWS = YES;
				GENERATE_INFOPLIST_FILE = YES;
				INFOPLIST_FILE = Info.plist;
				INFOPLIST_KEY_UIApplicationSceneManifest_Generation = YES;
				INFOPLIST_KEY_UIApplicationSupportsIndirectInputEvents = YES;
				INFOPLIST_KEY_UILaunchScreen_Generation = YES;
				INFOPLIST_KEY_UISupportedInterfaceOrientations_iPad = "UIInterfaceOrientationPortrait UIInterfaceOrientationPortraitUpsideDown UIInterfaceOrientationLandscapeLeft UIInterfaceOrientationLandscapeRight";
				INFOPLIST_KEY_UISupportedInterfaceOrientations_iPhone = "UIInterfaceOrientationPortrait UIInterfaceOrientationLandscapeLeft UIInterfaceOrientationLandscapeRight";
				LD_RUNPATH_SEARCH_PATHS = (
					"$(inherited)",
					"@executable_path/Frameworks",
				);
				MARKETING_VERSION = 1.0;
				PRODUCT_BUNDLE_IDENTIFIER = com.fitness..WeFit;
				PRODUCT_NAME = "$(TARGET_NAME)";
				SWIFT_EMIT_LOC_STRINGS = YES;
				SWIFT_VERSION = 5.0;
				TARGETED_DEVICE_FAMILY = "1,2";
			};
			name = Debug;
		};
		C36503F42D49E3E00036A0A1 /* Release */ = {
			isa = XCBuildConfiguration;
			buildSettings = {
				ASSETCATALOG_COMPILER_APPICON_NAME = AppIcon;
				ASSETCATALOG_COMPILER_GLOBAL_ACCENT_COLOR_NAME = AccentColor;
				CODE_SIGN_STYLE = Automatic;
				CURRENT_PROJECT_VERSION = 1;
				DEVELOPMENT_ASSET_PATHS = "\"WeFit/Preview Content\"";
				DEVELOPMENT_TEAM = 86ZJ8CC45N;
				ENABLE_PREVIEWS = YES;
				GENERATE_INFOPLIST_FILE = YES;
				INFOPLIST_FILE = Info.plist;
				INFOPLIST_KEY_UIApplicationSceneManifest_Generation = YES;
				INFOPLIST_KEY_UIApplicationSupportsIndirectInputEvents = YES;
				INFOPLIST_KEY_UILaunchScreen_Generation = YES;
				INFOPLIST_KEY_UISupportedInterfaceOrientations_iPad = "UIInterfaceOrientationPortrait UIInterfaceOrientationPortraitUpsideDown UIInterfaceOrientationLandscapeLeft UIInterfaceOrientationLandscapeRight";
				INFOPLIST_KEY_UISupportedInterfaceOrientations_iPhone = "UIInterfaceOrientationPortrait UIInterfaceOrientationLandscapeLeft UIInterfaceOrientationLandscapeRight";
				LD_RUNPATH_SEARCH_PATHS = (
					"$(inherited)",
					"@executable_path/Frameworks",
				);
				MARKETING_VERSION = 1.0;
				PRODUCT_BUNDLE_IDENTIFIER = com.fitness..WeFit;
				PRODUCT_NAME = "$(TARGET_NAME)";
				SWIFT_EMIT_LOC_STRINGS = YES;
				SWIFT_VERSION = 5.0;
				TARGETED_DEVICE_FAMILY = "1,2";
			};
			name = Release;
		};
		C36503F62D49E3E00036A0A1 /* Debug */ = {
			isa = XCBuildConfiguration;
			buildSettings = {
				BUNDLE_LOADER = "$(TEST_HOST)";
				CODE_SIGN_STYLE = Automatic;
				CURRENT_PROJECT_VERSION = 1;
				DEVELOPMENT_TEAM = J9KWF4JT57;
				GENERATE_INFOPLIST_FILE = YES;
				IPHONEOS_DEPLOYMENT_TARGET = 18.2;
				MARKETING_VERSION = 1.0;
				PRODUCT_BUNDLE_IDENTIFIER = com.fitness..WeFitTests;
				PRODUCT_NAME = "$(TARGET_NAME)";
				SWIFT_EMIT_LOC_STRINGS = NO;
				SWIFT_VERSION = 5.0;
				TARGETED_DEVICE_FAMILY = "1,2";
				TEST_HOST = "$(BUILT_PRODUCTS_DIR)/WeFit.app/$(BUNDLE_EXECUTABLE_FOLDER_PATH)/WeFit";
			};
			name = Debug;
		};
		C36503F72D49E3E00036A0A1 /* Release */ = {
			isa = XCBuildConfiguration;
			buildSettings = {
				BUNDLE_LOADER = "$(TEST_HOST)";
				CODE_SIGN_STYLE = Automatic;
				CURRENT_PROJECT_VERSION = 1;
				DEVELOPMENT_TEAM = J9KWF4JT57;
				GENERATE_INFOPLIST_FILE = YES;
				IPHONEOS_DEPLOYMENT_TARGET = 18.2;
				MARKETING_VERSION = 1.0;
				PRODUCT_BUNDLE_IDENTIFIER = com.fitness..WeFitTests;
				PRODUCT_NAME = "$(TARGET_NAME)";
				SWIFT_EMIT_LOC_STRINGS = NO;
				SWIFT_VERSION = 5.0;
				TARGETED_DEVICE_FAMILY = "1,2";
				TEST_HOST = "$(BUILT_PRODUCTS_DIR)/WeFit.app/$(BUNDLE_EXECUTABLE_FOLDER_PATH)/WeFit";
			};
			name = Release;
		};
		C36503F92D49E3E00036A0A1 /* Debug */ = {
			isa = XCBuildConfiguration;
			buildSettings = {
				CODE_SIGN_STYLE = Automatic;
				CURRENT_PROJECT_VERSION = 1;
				DEVELOPMENT_TEAM = J9KWF4JT57;
				GENERATE_INFOPLIST_FILE = YES;
				MARKETING_VERSION = 1.0;
				PRODUCT_BUNDLE_IDENTIFIER = com.fitness..WeFitUITests;
				PRODUCT_NAME = "$(TARGET_NAME)";
				SWIFT_EMIT_LOC_STRINGS = NO;
				SWIFT_VERSION = 5.0;
				TARGETED_DEVICE_FAMILY = "1,2";
				TEST_TARGET_NAME = WeFit;
			};
			name = Debug;
		};
		C36503FA2D49E3E00036A0A1 /* Release */ = {
			isa = XCBuildConfiguration;
			buildSettings = {
				CODE_SIGN_STYLE = Automatic;
				CURRENT_PROJECT_VERSION = 1;
				DEVELOPMENT_TEAM = J9KWF4JT57;
				GENERATE_INFOPLIST_FILE = YES;
				MARKETING_VERSION = 1.0;
				PRODUCT_BUNDLE_IDENTIFIER = com.fitness..WeFitUITests;
				PRODUCT_NAME = "$(TARGET_NAME)";
				SWIFT_EMIT_LOC_STRINGS = NO;
				SWIFT_VERSION = 5.0;
				TARGETED_DEVICE_FAMILY = "1,2";
				TEST_TARGET_NAME = WeFit;
			};
			name = Release;
		};
/* End XCBuildConfiguration section */

/* Begin XCConfigurationList section */
		C36503C92D49E3DE0036A0A1 /* Build configuration list for PBXProject "WeFit" */ = {
			isa = XCConfigurationList;
			buildConfigurations = (
				C36503F02D49E3E00036A0A1 /* Debug */,
				C36503F12D49E3E00036A0A1 /* Release */,
			);
			defaultConfigurationIsVisible = 0;
			defaultConfigurationName = Release;
		};
		C36503F22D49E3E00036A0A1 /* Build configuration list for PBXNativeTarget "WeFit" */ = {
			isa = XCConfigurationList;
			buildConfigurations = (
				C36503F32D49E3E00036A0A1 /* Debug */,
				C36503F42D49E3E00036A0A1 /* Release */,
			);
			defaultConfigurationIsVisible = 0;
			defaultConfigurationName = Release;
		};
		C36503F52D49E3E00036A0A1 /* Build configuration list for PBXNativeTarget "WeFitTests" */ = {
			isa = XCConfigurationList;
			buildConfigurations = (
				C36503F62D49E3E00036A0A1 /* Debug */,
				C36503F72D49E3E00036A0A1 /* Release */,
			);
			defaultConfigurationIsVisible = 0;
			defaultConfigurationName = Release;
		};
		C36503F82D49E3E00036A0A1 /* Build configuration list for PBXNativeTarget "WeFitUITests" */ = {
			isa = XCConfigurationList;
			buildConfigurations = (
				C36503F92D49E3E00036A0A1 /* Debug */,
				C36503FA2D49E3E00036A0A1 /* Release */,
			);
			defaultConfigurationIsVisible = 0;
			defaultConfigurationName = Release;
		};
/* End XCConfigurationList section */

/* Begin XCRemoteSwiftPackageReference section */
		E8D537A22DD31141009DC45F /* XCRemoteSwiftPackageReference "supabase-swift" */ = {
			isa = XCRemoteSwiftPackageReference;
			repositoryURL = "https://github.com/supabase/supabase-swift";
			requirement = {
				kind = upToNextMajorVersion;
				minimumVersion = 2.5.1;
			};
		};
/* End XCRemoteSwiftPackageReference section */

/* Begin XCSwiftPackageProductDependency section */
		E8D537A32DD31141009DC45F /* Auth */ = {
			isa = XCSwiftPackageProductDependency;
			package = E8D537A22DD31141009DC45F /* XCRemoteSwiftPackageReference "supabase-swift" */;
			productName = Auth;
		};
		E8D537A52DD31141009DC45F /* Functions */ = {
			isa = XCSwiftPackageProductDependency;
			package = E8D537A22DD31141009DC45F /* XCRemoteSwiftPackageReference "supabase-swift" */;
			productName = Functions;
		};
		E8D537A72DD31141009DC45F /* PostgREST */ = {
			isa = XCSwiftPackageProductDependency;
			package = E8D537A22DD31141009DC45F /* XCRemoteSwiftPackageReference "supabase-swift" */;
			productName = PostgREST;
		};
		E8D537A92DD31141009DC45F /* Realtime */ = {
			isa = XCSwiftPackageProductDependency;
			package = E8D537A22DD31141009DC45F /* XCRemoteSwiftPackageReference "supabase-swift" */;
			productName = Realtime;
		};
		E8D537AB2DD31141009DC45F /* Storage */ = {
			isa = XCSwiftPackageProductDependency;
			package = E8D537A22DD31141009DC45F /* XCRemoteSwiftPackageReference "supabase-swift" */;
			productName = Storage;
		};
		E8D537B12DD32206009DC45F /* Supabase */ = {
			isa = XCSwiftPackageProductDependency;
			package = E8D537A22DD31141009DC45F /* XCRemoteSwiftPackageReference "supabase-swift" */;
			productName = Supabase;
		};
/* End XCSwiftPackageProductDependency section */
	};
	rootObject = C36503C62D49E3DE0036A0A1 /* Project object */;
}
